// !$*UTF8*$!
{
	archiveVersion = 1;
	classes = {
	};
	objectVersion = 56;
	objects = {

/* Begin PBXBuildFile section */
		4F92F3C32C08C2E7008C3F16 /* main.cpp in Sources */ = {isa = PBXBuildFile; fileRef = 4F92F3C22C08C2E7008C3F16 /* main.cpp */; };
		4F92F3CB2C08C4D8008C3F16 /* Furniture.cpp in Sources */ = {isa = PBXBuildFile; fileRef = 4F92F3C92C08C4D8008C3F16 /* Furniture.cpp */; };
		4F92F3CE2C08C918008C3F16 /* main.cpp in Sources */ = {isa = PBXBuildFile; fileRef = 4F92F3CD2C08C918008C3F16 /* main.cpp */; };
		4F92F3D12C09AD93008C3F16 /* main.cpp in Sources */ = {isa = PBXBuildFile; fileRef = 4F92F3D02C09AD93008C3F16 /* main.cpp */; };
		4F92F3D82C0A68CF008C3F16 /* main.cpp in Sources */ = {isa = PBXBuildFile; fileRef = 4F92F3D72C0A68CF008C3F16 /* main.cpp */; };
		4F92F3DB2C0A6B4C008C3F16 /* main.cpp in Sources */ = {isa = PBXBuildFile; fileRef = 4F92F3DA2C0A6B4C008C3F16 /* main.cpp */; };
		4F92F3DE2C0A6E51008C3F16 /* main.cpp in Sources */ = {isa = PBXBuildFile; fileRef = 4F92F3DD2C0A6E51008C3F16 /* main.cpp */; };
		4F92F3E12C0B2CEF008C3F16 /* main.cpp in Sources */ = {isa = PBXBuildFile; fileRef = 4F92F3E02C0B2CEF008C3F16 /* main.cpp */; };
		4F92F3E42C0B2F94008C3F16 /* main.cpp in Sources */ = {isa = PBXBuildFile; fileRef = 4F92F3E32C0B2F94008C3F16 /* main.cpp */; };
		4F92F3E72C0B3430008C3F16 /* main.cpp in Sources */ = {isa = PBXBuildFile; fileRef = 4F92F3E62C0B3430008C3F16 /* main.cpp */; };
		4F92F3EA2C0B35B4008C3F16 /* main.cpp in Sources */ = {isa = PBXBuildFile; fileRef = 4F92F3E92C0B35B4008C3F16 /* main.cpp */; };
		4F92F3EC2C0B4595008C3F16 /* quickSort.cpp in Sources */ = {isa = PBXBuildFile; fileRef = 4F92F3EB2C0B4595008C3F16 /* quickSort.cpp */; };
		4F92F3EE2C0B4726008C3F16 /* main.cpp in Sources */ = {isa = PBXBuildFile; fileRef = 4F92F3ED2C0B4726008C3F16 /* main.cpp */; };
/* End PBXBuildFile section */

/* Begin PBXCopyFilesBuildPhase section */
		4F92F3BD2C08C2E7008C3F16 /* CopyFiles */ = {
			isa = PBXCopyFilesBuildPhase;
			buildActionMask = 2147483647;
			dstPath = /usr/share/man/man1/;
			dstSubfolderSpec = 0;
			files = (
			);
			runOnlyForDeploymentPostprocessing = 1;
		};
/* End PBXCopyFilesBuildPhase section */

/* Begin PBXFileReference section */
		4F92F3BF2C08C2E7008C3F16 /* Furnite_DifferentContainers */ = {isa = PBXFileReference; explicitFileType = "compiled.mach-o.executable"; includeInIndex = 0; path = Furnite_DifferentContainers; sourceTree = BUILT_PRODUCTS_DIR; };
		4F92F3C22C08C2E7008C3F16 /* main.cpp */ = {isa = PBXFileReference; lastKnownFileType = sourcecode.cpp.cpp; path = main.cpp; sourceTree = "<group>"; };
		4F92F3C92C08C4D8008C3F16 /* Furniture.cpp */ = {isa = PBXFileReference; lastKnownFileType = sourcecode.cpp.cpp; path = Furniture.cpp; sourceTree = "<group>"; };
		4F92F3CA2C08C4D8008C3F16 /* Furniture.hpp */ = {isa = PBXFileReference; lastKnownFileType = sourcecode.cpp.h; path = Furniture.hpp; sourceTree = "<group>"; };
		4F92F3CD2C08C918008C3F16 /* main.cpp */ = {isa = PBXFileReference; lastKnownFileType = sourcecode.cpp.cpp; path = main.cpp; sourceTree = "<group>"; };
		4F92F3D02C09AD93008C3F16 /* main.cpp */ = {isa = PBXFileReference; lastKnownFileType = sourcecode.cpp.cpp; path = main.cpp; sourceTree = "<group>"; };
		4F92F3D72C0A68CF008C3F16 /* main.cpp */ = {isa = PBXFileReference; lastKnownFileType = sourcecode.cpp.cpp; path = main.cpp; sourceTree = "<group>"; };
		4F92F3DA2C0A6B4C008C3F16 /* main.cpp */ = {isa = PBXFileReference; lastKnownFileType = sourcecode.cpp.cpp; path = main.cpp; sourceTree = "<group>"; };
		4F92F3DD2C0A6E51008C3F16 /* main.cpp */ = {isa = PBXFileReference; lastKnownFileType = sourcecode.cpp.cpp; path = main.cpp; sourceTree = "<group>"; };
		4F92F3E02C0B2CEF008C3F16 /* main.cpp */ = {isa = PBXFileReference; lastKnownFileType = sourcecode.cpp.cpp; path = main.cpp; sourceTree = "<group>"; };
		4F92F3E32C0B2F94008C3F16 /* main.cpp */ = {isa = PBXFileReference; lastKnownFileType = sourcecode.cpp.cpp; path = main.cpp; sourceTree = "<group>"; };
		4F92F3E62C0B3430008C3F16 /* main.cpp */ = {isa = PBXFileReference; lastKnownFileType = sourcecode.cpp.cpp; path = main.cpp; sourceTree = "<group>"; };
		4F92F3E92C0B35B4008C3F16 /* main.cpp */ = {isa = PBXFileReference; lastKnownFileType = sourcecode.cpp.cpp; path = main.cpp; sourceTree = "<group>"; };
		4F92F3EB2C0B4595008C3F16 /* quickSort.cpp */ = {isa = PBXFileReference; lastKnownFileType = sourcecode.cpp.cpp; path = quickSort.cpp; sourceTree = "<group>"; };
		4F92F3ED2C0B4726008C3F16 /* main.cpp */ = {isa = PBXFileReference; lastKnownFileType = sourcecode.cpp.cpp; path = main.cpp; sourceTree = "<group>"; };
/* End PBXFileReference section */

/* Begin PBXFrameworksBuildPhase section */
		4F92F3BC2C08C2E7008C3F16 /* Frameworks */ = {
			isa = PBXFrameworksBuildPhase;
			buildActionMask = 2147483647;
			files = (
			);
			runOnlyForDeploymentPostprocessing = 0;
		};
/* End PBXFrameworksBuildPhase section */

/* Begin PBXGroup section */
		4F92F3B62C08C2E7008C3F16 = {
			isa = PBXGroup;
			children = (
				4F92F3D22C0A66D0008C3F16 /* SORTS */,
				4F92F3CF2C09AD79008C3F16 /* MapVectorSet */,
				4F92F3CC2C08C8FF008C3F16 /* list */,
				4F92F3C12C08C2E7008C3F16 /* TestKlasaVektor */,
				4F92F3C02C08C2E7008C3F16 /* Products */,
			);
			sourceTree = "<group>";
		};
		4F92F3C02C08C2E7008C3F16 /* Products */ = {
			isa = PBXGroup;
			children = (
				4F92F3BF2C08C2E7008C3F16 /* Furnite_DifferentContainers */,
			);
			name = Products;
			sourceTree = "<group>";
		};
		4F92F3C12C08C2E7008C3F16 /* TestKlasaVektor */ = {
			isa = PBXGroup;
			children = (
				4F92F3C22C08C2E7008C3F16 /* main.cpp */,
				4F92F3C92C08C4D8008C3F16 /* Furniture.cpp */,
				4F92F3CA2C08C4D8008C3F16 /* Furniture.hpp */,
			);
			path = TestKlasaVektor;
			sourceTree = "<group>";
		};
		4F92F3CC2C08C8FF008C3F16 /* list */ = {
			isa = PBXGroup;
			children = (
				4F92F3CD2C08C918008C3F16 /* main.cpp */,
			);
			path = list;
			sourceTree = "<group>";
		};
		4F92F3CF2C09AD79008C3F16 /* MapVectorSet */ = {
			isa = PBXGroup;
			children = (
				4F92F3D02C09AD93008C3F16 /* main.cpp */,
			);
			path = MapVectorSet;
			sourceTree = "<group>";
		};
		4F92F3D22C0A66D0008C3F16 /* SORTS */ = {
			isa = PBXGroup;
			children = (
				4F92F3E82C0B35A5008C3F16 /* HeapSort */,
				4F92F3E52C0B3420008C3F16 /* Quick */,
				4F92F3E22C0B2F86008C3F16 /* MergeSort */,
				4F92F3DF2C0B2CDD008C3F16 /* ShellSort */,
				4F92F3DC2C0A6E40008C3F16 /* InsertionSort */,
				4F92F3D92C0A6B31008C3F16 /* SelectionSort */,
				4F92F3D62C0A68A2008C3F16 /* BubbleSort */,
				4F92F3D32C0A66DA008C3F16 /* BogoSort */,
			);
			path = SORTS;
			sourceTree = "<group>";
		};
		4F92F3D32C0A66DA008C3F16 /* BogoSort */ = {
			isa = PBXGroup;
			children = (
				4F92F3ED2C0B4726008C3F16 /* main.cpp */,
			);
			path = BogoSort;
			sourceTree = "<group>";
		};
		4F92F3D62C0A68A2008C3F16 /* BubbleSort */ = {
			isa = PBXGroup;
			children = (
				4F92F3D72C0A68CF008C3F16 /* main.cpp */,
			);
			path = BubbleSort;
			sourceTree = "<group>";
		};
		4F92F3D92C0A6B31008C3F16 /* SelectionSort */ = {
			isa = PBXGroup;
			children = (
				4F92F3DA2C0A6B4C008C3F16 /* main.cpp */,
			);
			path = SelectionSort;
			sourceTree = "<group>";
		};
		4F92F3DC2C0A6E40008C3F16 /* InsertionSort */ = {
			isa = PBXGroup;
			children = (
				4F92F3DD2C0A6E51008C3F16 /* main.cpp */,
			);
			path = InsertionSort;
			sourceTree = "<group>";
		};
		4F92F3DF2C0B2CDD008C3F16 /* ShellSort */ = {
			isa = PBXGroup;
			children = (
				4F92F3E02C0B2CEF008C3F16 /* main.cpp */,
			);
			path = ShellSort;
			sourceTree = "<group>";
		};
		4F92F3E22C0B2F86008C3F16 /* MergeSort */ = {
			isa = PBXGroup;
			children = (
				4F92F3E32C0B2F94008C3F16 /* main.cpp */,
			);
			path = MergeSort;
			sourceTree = "<group>";
		};
		4F92F3E52C0B3420008C3F16 /* Quick */ = {
			isa = PBXGroup;
			children = (
				4F92F3E62C0B3430008C3F16 /* main.cpp */,
				4F92F3EB2C0B4595008C3F16 /* quickSort.cpp */,
			);
			path = Quick;
			sourceTree = "<group>";
		};
		4F92F3E82C0B35A5008C3F16 /* HeapSort */ = {
			isa = PBXGroup;
			children = (
				4F92F3E92C0B35B4008C3F16 /* main.cpp */,
			);
			path = HeapSort;
			sourceTree = "<group>";
		};
/* End PBXGroup section */

/* Begin PBXNativeTarget section */
		4F92F3BE2C08C2E7008C3F16 /* Furnite_DifferentContainers */ = {
			isa = PBXNativeTarget;
			buildConfigurationList = 4F92F3C62C08C2E7008C3F16 /* Build configuration list for PBXNativeTarget "Furnite_DifferentContainers" */;
			buildPhases = (
				4F92F3BB2C08C2E7008C3F16 /* Sources */,
				4F92F3BC2C08C2E7008C3F16 /* Frameworks */,
				4F92F3BD2C08C2E7008C3F16 /* CopyFiles */,
			);
			buildRules = (
			);
			dependencies = (
			);
			name = Furnite_DifferentContainers;
			productName = TestKlasaVektor;
			productReference = 4F92F3BF2C08C2E7008C3F16 /* Furnite_DifferentContainers */;
			productType = "com.apple.product-type.tool";
		};
/* End PBXNativeTarget section */

/* Begin PBXProject section */
		4F92F3B72C08C2E7008C3F16 /* Project object */ = {
			isa = PBXProject;
			attributes = {
				BuildIndependentTargetsInParallel = 1;
				LastUpgradeCheck = 1530;
				TargetAttributes = {
					4F92F3BE2C08C2E7008C3F16 = {
						CreatedOnToolsVersion = 15.3;
					};
				};
			};
			buildConfigurationList = 4F92F3BA2C08C2E7008C3F16 /* Build configuration list for PBXProject "Furnite_DifferentContainers" */;
			compatibilityVersion = "Xcode 14.0";
			developmentRegion = en;
			hasScannedForEncodings = 0;
			knownRegions = (
				en,
				Base,
			);
			mainGroup = 4F92F3B62C08C2E7008C3F16;
			productRefGroup = 4F92F3C02C08C2E7008C3F16 /* Products */;
			projectDirPath = "";
			projectRoot = "";
			targets = (
				4F92F3BE2C08C2E7008C3F16 /* Furnite_DifferentContainers */,
			);
		};
/* End PBXProject section */

/* Begin PBXSourcesBuildPhase section */
		4F92F3BB2C08C2E7008C3F16 /* Sources */ = {
			isa = PBXSourcesBuildPhase;
			buildActionMask = 2147483647;
			files = (
				4F92F3CB2C08C4D8008C3F16 /* Furniture.cpp in Sources */,
				4F92F3C32C08C2E7008C3F16 /* main.cpp in Sources */,
				4F92F3EA2C0B35B4008C3F16 /* main.cpp in Sources */,
				4F92F3E12C0B2CEF008C3F16 /* main.cpp in Sources */,
				4F92F3EE2C0B4726008C3F16 /* main.cpp in Sources */,
				4F92F3D82C0A68CF008C3F16 /* main.cpp in Sources */,
				4F92F3E72C0B3430008C3F16 /* main.cpp in Sources */,
				4F92F3D12C09AD93008C3F16 /* main.cpp in Sources */,
				4F92F3DB2C0A6B4C008C3F16 /* main.cpp in Sources */,
				4F92F3DE2C0A6E51008C3F16 /* main.cpp in Sources */,
				4F92F3E42C0B2F94008C3F16 /* main.cpp in Sources */,
				4F92F3CE2C08C918008C3F16 /* main.cpp in Sources */,
				4F92F3EC2C0B4595008C3F16 /* quickSort.cpp in Sources */,
			);
			runOnlyForDeploymentPostprocessing = 0;
		};
/* End PBXSourcesBuildPhase section */

/* Begin XCBuildConfiguration section */
		4F92F3C42C08C2E7008C3F16 /* Debug */ = {
			isa = XCBuildConfiguration;
			buildSettings = {
				ALWAYS_SEARCH_USER_PATHS = NO;
				ASSETCATALOG_COMPILER_GENERATE_SWIFT_ASSET_SYMBOL_EXTENSIONS = YES;
				CLANG_ANALYZER_NONNULL = YES;
				CLANG_ANALYZER_NUMBER_OBJECT_CONVERSION = YES_AGGRESSIVE;
				CLANG_CXX_LANGUAGE_STANDARD = "gnu++20";
				CLANG_ENABLE_MODULES = YES;
				CLANG_ENABLE_OBJC_ARC = YES;
				CLANG_ENABLE_OBJC_WEAK = YES;
				CLANG_WARN_BLOCK_CAPTURE_AUTORELEASING = YES;
				CLANG_WARN_BOOL_CONVERSION = YES;
				CLANG_WARN_COMMA = YES;
				CLANG_WARN_CONSTANT_CONVERSION = YES;
				CLANG_WARN_DEPRECATED_OBJC_IMPLEMENTATIONS = YES;
				CLANG_WARN_DIRECT_OBJC_ISA_USAGE = YES_ERROR;
				CLANG_WARN_DOCUMENTATION_COMMENTS = YES;
				CLANG_WARN_EMPTY_BODY = YES;
				CLANG_WARN_ENUM_CONVERSION = YES;
				CLANG_WARN_INFINITE_RECURSION = YES;
				CLANG_WARN_INT_CONVERSION = YES;
				CLANG_WARN_NON_LITERAL_NULL_CONVERSION = YES;
				CLANG_WARN_OBJC_IMPLICIT_RETAIN_SELF = YES;
				CLANG_WARN_OBJC_LITERAL_CONVERSION = YES;
				CLANG_WARN_OBJC_ROOT_CLASS = YES_ERROR;
				CLANG_WARN_QUOTED_INCLUDE_IN_FRAMEWORK_HEADER = YES;
				CLANG_WARN_RANGE_LOOP_ANALYSIS = YES;
				CLANG_WARN_STRICT_PROTOTYPES = YES;
				CLANG_WARN_SUSPICIOUS_MOVE = YES;
				CLANG_WARN_UNGUARDED_AVAILABILITY = YES_AGGRESSIVE;
				CLANG_WARN_UNREACHABLE_CODE = YES;
				CLANG_WARN__DUPLICATE_METHOD_MATCH = YES;
				COPY_PHASE_STRIP = NO;
				DEBUG_INFORMATION_FORMAT = dwarf;
				ENABLE_STRICT_OBJC_MSGSEND = YES;
				ENABLE_TESTABILITY = YES;
				ENABLE_USER_SCRIPT_SANDBOXING = YES;
				GCC_C_LANGUAGE_STANDARD = gnu17;
				GCC_DYNAMIC_NO_PIC = NO;
				GCC_NO_COMMON_BLOCKS = YES;
				GCC_OPTIMIZATION_LEVEL = 0;
				GCC_PREPROCESSOR_DEFINITIONS = (
					"DEBUG=1",
					"$(inherited)",
				);
				GCC_WARN_64_TO_32_BIT_CONVERSION = YES;
				GCC_WARN_ABOUT_RETURN_TYPE = YES_ERROR;
				GCC_WARN_UNDECLARED_SELECTOR = YES;
				GCC_WARN_UNINITIALIZED_AUTOS = YES_AGGRESSIVE;
				GCC_WARN_UNUSED_FUNCTION = YES;
				GCC_WARN_UNUSED_VARIABLE = YES;
				LOCALIZATION_PREFERS_STRING_CATALOGS = YES;
				MACOSX_DEPLOYMENT_TARGET = 14.4;
				MTL_ENABLE_DEBUG_INFO = INCLUDE_SOURCE;
				MTL_FAST_MATH = YES;
				ONLY_ACTIVE_ARCH = YES;
				SDKROOT = macosx;
			};
			name = Debug;
		};
		4F92F3C52C08C2E7008C3F16 /* Release */ = {
			isa = XCBuildConfiguration;
			buildSettings = {
				ALWAYS_SEARCH_USER_PATHS = NO;
				ASSETCATALOG_COMPILER_GENERATE_SWIFT_ASSET_SYMBOL_EXTENSIONS = YES;
				CLANG_ANALYZER_NONNULL = YES;
				CLANG_ANALYZER_NUMBER_OBJECT_CONVERSION = YES_AGGRESSIVE;
				CLANG_CXX_LANGUAGE_STANDARD = "gnu++20";
				CLANG_ENABLE_MODULES = YES;
				CLANG_ENABLE_OBJC_ARC = YES;
				CLANG_ENABLE_OBJC_WEAK = YES;
				CLANG_WARN_BLOCK_CAPTURE_AUTORELEASING = YES;
				CLANG_WARN_BOOL_CONVERSION = YES;
				CLANG_WARN_COMMA = YES;
				CLANG_WARN_CONSTANT_CONVERSION = YES;
				CLANG_WARN_DEPRECATED_OBJC_IMPLEMENTATIONS = YES;
				CLANG_WARN_DIRECT_OBJC_ISA_USAGE = YES_ERROR;
				CLANG_WARN_DOCUMENTATION_COMMENTS = YES;
				CLANG_WARN_EMPTY_BODY = YES;
				CLANG_WARN_ENUM_CONVERSION = YES;
				CLANG_WARN_INFINITE_RECURSION = YES;
				CLANG_WARN_INT_CONVERSION = YES;
				CLANG_WARN_NON_LITERAL_NULL_CONVERSION = YES;
				CLANG_WARN_OBJC_IMPLICIT_RETAIN_SELF = YES;
				CLANG_WARN_OBJC_LITERAL_CONVERSION = YES;
				CLANG_WARN_OBJC_ROOT_CLASS = YES_ERROR;
				CLANG_WARN_QUOTED_INCLUDE_IN_FRAMEWORK_HEADER = YES;
				CLANG_WARN_RANGE_LOOP_ANALYSIS = YES;
				CLANG_WARN_STRICT_PROTOTYPES = YES;
				CLANG_WARN_SUSPICIOUS_MOVE = YES;
				CLANG_WARN_UNGUARDED_AVAILABILITY = YES_AGGRESSIVE;
				CLANG_WARN_UNREACHABLE_CODE = YES;
				CLANG_WARN__DUPLICATE_METHOD_MATCH = YES;
				COPY_PHASE_STRIP = NO;
				DEBUG_INFORMATION_FORMAT = "dwarf-with-dsym";
				ENABLE_NS_ASSERTIONS = NO;
				ENABLE_STRICT_OBJC_MSGSEND = YES;
				ENABLE_USER_SCRIPT_SANDBOXING = YES;
				GCC_C_LANGUAGE_STANDARD = gnu17;
				GCC_NO_COMMON_BLOCKS = YES;
				GCC_WARN_64_TO_32_BIT_CONVERSION = YES;
				GCC_WARN_ABOUT_RETURN_TYPE = YES_ERROR;
				GCC_WARN_UNDECLARED_SELECTOR = YES;
				GCC_WARN_UNINITIALIZED_AUTOS = YES_AGGRESSIVE;
				GCC_WARN_UNUSED_FUNCTION = YES;
				GCC_WARN_UNUSED_VARIABLE = YES;
				LOCALIZATION_PREFERS_STRING_CATALOGS = YES;
				MACOSX_DEPLOYMENT_TARGET = 14.4;
				MTL_ENABLE_DEBUG_INFO = NO;
				MTL_FAST_MATH = YES;
				SDKROOT = macosx;
			};
			name = Release;
		};
		4F92F3C72C08C2E7008C3F16 /* Debug */ = {
			isa = XCBuildConfiguration;
			buildSettings = {
				CODE_SIGN_STYLE = Automatic;
				DEVELOPMENT_TEAM = W3552Q3Q6S;
				ENABLE_HARDENED_RUNTIME = YES;
				PRODUCT_NAME = "$(TARGET_NAME)";
			};
			name = Debug;
		};
		4F92F3C82C08C2E7008C3F16 /* Release */ = {
			isa = XCBuildConfiguration;
			buildSettings = {
				CODE_SIGN_STYLE = Automatic;
				DEVELOPMENT_TEAM = W3552Q3Q6S;
				ENABLE_HARDENED_RUNTIME = YES;
				PRODUCT_NAME = "$(TARGET_NAME)";
			};
			name = Release;
		};
/* End XCBuildConfiguration section */

/* Begin XCConfigurationList section */
		4F92F3BA2C08C2E7008C3F16 /* Build configuration list for PBXProject "Furnite_DifferentContainers" */ = {
			isa = XCConfigurationList;
			buildConfigurations = (
				4F92F3C42C08C2E7008C3F16 /* Debug */,
				4F92F3C52C08C2E7008C3F16 /* Release */,
			);
			defaultConfigurationIsVisible = 0;
			defaultConfigurationName = Release;
		};
		4F92F3C62C08C2E7008C3F16 /* Build configuration list for PBXNativeTarget "Furnite_DifferentContainers" */ = {
			isa = XCConfigurationList;
			buildConfigurations = (
				4F92F3C72C08C2E7008C3F16 /* Debug */,
				4F92F3C82C08C2E7008C3F16 /* Release */,
			);
			defaultConfigurationIsVisible = 0;
			defaultConfigurationName = Release;
		};
/* End XCConfigurationList section */
	};
	rootObject = 4F92F3B72C08C2E7008C3F16 /* Project object */;
}
